
Microsoft Visual Studio Solution File, Format Version 12.00
# Visual Studio Version 16
VisualStudioVersion = 16.0.30114.105
MinimumVisualStudioVersion = 10.0.40219.1
Project("{9A19103F-16F7-4668-BE54-9A1E7A4F7556}") = "BlazoredWordmix.Tests", "BlazoredWordmix.Tests\BlazoredWordmix.Tests.csproj", "{3FC91C74-E079-4EC8-B38D-8F6AA19C27E0}"
EndProject
Project("{9A19103F-16F7-4668-BE54-9A1E7A4F7556}") = "BlazoredWordmix.Web", "BlazoredWordmix.Web\BlazoredWordmix.Web.csproj", "{5E69A952-00C9-4FB5-995E-61A54C24EA1D}"
EndProject
Global
	GlobalSection(SolutionConfigurationPlatforms) = preSolution
		Debug|Any CPU = Debug|Any CPU
		Debug|x64 = Debug|x64
		Debug|x86 = Debug|x86
		Release|Any CPU = Release|Any CPU
		Release|x64 = Release|x64
		Release|x86 = Release|x86
	EndGlobalSection
	GlobalSection(SolutionProperties) = preSolution
		HideSolutionNode = FALSE
	EndGlobalSection
	GlobalSection(ProjectConfigurationPlatforms) = postSolution
		{3FC91C74-E079-4EC8-B38D-8F6AA19C27E0}.Debug|Any CPU.ActiveCfg = Debug|Any CPU
		{3FC91C74-E079-4EC8-B38D-8F6AA19C27E0}.Debug|Any CPU.Build.0 = Debug|Any CPU
		{3FC91C74-E079-4EC8-B38D-8F6AA19C27E0}.Debug|x64.ActiveCfg = Debug|Any CPU
		{3FC91C74-E079-4EC8-B38D-8F6AA19C27E0}.Debug|x64.Build.0 = Debug|Any CPU
		{3FC91C74-E079-4EC8-B38D-8F6AA19C27E0}.Debug|x86.ActiveCfg = Debug|Any CPU
		{3FC91C74-E079-4EC8-B38D-8F6AA19C27E0}.Debug|x86.Build.0 = Debug|Any CPU
		{3FC91C74-E079-4EC8-B38D-8F6AA19C27E0}.Release|Any CPU.ActiveCfg = Release|Any CPU
		{3FC91C74-E079-4EC8-B38D-8F6AA19C27E0}.Release|Any CPU.Build.0 = Release|Any CPU
		{3FC91C74-E079-4EC8-B38D-8F6AA19C27E0}.Release|x64.ActiveCfg = Release|Any CPU
		{3FC91C74-E079-4EC8-B38D-8F6AA19C27E0}.Release|x64.Build.0 = Release|Any CPU
		{3FC91C74-E079-4EC8-B38D-8F6AA19C27E0}.Release|x86.ActiveCfg = Release|Any CPU
		{3FC91C74-E079-4EC8-B38D-8F6AA19C27E0}.Release|x86.Build.0 = Release|Any CPU
		{5E69A952-00C9-4FB5-995E-61A54C24EA1D}.Debug|Any CPU.ActiveCfg = Debug|Any CPU
		{5E69A952-00C9-4FB5-995E-61A54C24EA1D}.Debug|Any CPU.Build.0 = Debug|Any CPU
		{5E69A952-00C9-4FB5-995E-61A54C24EA1D}.Debug|x64.ActiveCfg = Debug|Any CPU
		{5E69A952-00C9-4FB5-995E-61A54C24EA1D}.Debug|x64.Build.0 = Debug|Any CPU
		{5E69A952-00C9-4FB5-995E-61A54C24EA1D}.Debug|x86.ActiveCfg = Debug|Any CPU
		{5E69A952-00C9-4FB5-995E-61A54C24EA1D}.Debug|x86.Build.0 = Debug|Any CPU
		{5E69A952-00C9-4FB5-995E-61A54C24EA1D}.Release|Any CPU.ActiveCfg = Release|Any CPU
		{5E69A952-00C9-4FB5-995E-61A54C24EA1D}.Release|Any CPU.Build.0 = Release|Any CPU
		{5E69A952-00C9-4FB5-995E-61A54C24EA1D}.Release|x64.ActiveCfg = Release|Any CPU
		{5E69A952-00C9-4FB5-995E-61A54C24EA1D}.Release|x64.Build.0 = Release|Any CPU
		{5E69A952-00C9-4FB5-995E-61A54C24EA1D}.Release|x86.ActiveCfg = Release|Any CPU
		{5E69A952-00C9-4FB5-995E-61A54C24EA1D}.Release|x86.Build.0 = Release|Any CPU
	EndGlobalSection
EndGlobal
